asgiref==3.4.1
astroid==2.6.2
cffi==1.14.5
click==8.0.1
cryptography==3.4.7
fastapi==0.68.1
h11==0.12.0
isort==5.9.1
lazy-object-proxy==1.6.0
mccabe==0.6.1
pycparser==2.20
pydantic==1.8.2
pylint==2.9.3
pyobjc-core==7.3
pyobjc-framework-Cocoa==7.3
pyobjc-framework-SystemConfiguration==7.3
pyOpenSSL==20.0.1
PyYAML==5.4.1
six==1.15.0
starlette==0.14.2
toml==0.10.2
typing-extensions==3.10.0.2
uvicorn==0.15.0
wrapt==1.12.1
